
Microsoft Visual Studio Solution File, Format Version 12.00
# Visual Studio Version 17
VisualStudioVersion = 17.6.33829.357
MinimumVisualStudioVersion = 10.0.40219.1
Project("{9A19103F-16F7-4668-BE54-9A1E7A4F7556}") = "SDA.Repository.Sqlite", "SDA.Repository.Sqlite\SDA.Repository.Sqlite.csproj", "{20C0F04F-57EB-45A9-8E4F-1109B66CE84F}"
EndProject
Project("{FAE04EC0-301F-11D3-BF4B-00C04F79EFBC}") = "SDA.Repository.Sqlite.Tests", "SDA.Repository.Sqlite.Tests\SDA.Repository.Sqlite.Tests.csproj", "{B2B4338E-EA49-4F54-B9BB-84693E89EAA0}"
EndProject
Global
	GlobalSection(SolutionConfigurationPlatforms) = preSolution
		Debug|Any CPU = Debug|Any CPU
		Release|Any CPU = Release|Any CPU
	EndGlobalSection
	GlobalSection(ProjectConfigurationPlatforms) = postSolution
		{20C0F04F-57EB-45A9-8E4F-1109B66CE84F}.Debug|Any CPU.ActiveCfg = Debug|Any CPU
		{20C0F04F-57EB-45A9-8E4F-1109B66CE84F}.Debug|Any CPU.Build.0 = Debug|Any CPU
		{20C0F04F-57EB-45A9-8E4F-1109B66CE84F}.Release|Any CPU.ActiveCfg = Release|Any CPU
		{20C0F04F-57EB-45A9-8E4F-1109B66CE84F}.Release|Any CPU.Build.0 = Release|Any CPU
		{B2B4338E-EA49-4F54-B9BB-84693E89EAA0}.Debug|Any CPU.ActiveCfg = Debug|Any CPU
		{B2B4338E-EA49-4F54-B9BB-84693E89EAA0}.Debug|Any CPU.Build.0 = Debug|Any CPU
		{B2B4338E-EA49-4F54-B9BB-84693E89EAA0}.Release|Any CPU.ActiveCfg = Release|Any CPU
		{B2B4338E-EA49-4F54-B9BB-84693E89EAA0}.Release|Any CPU.Build.0 = Release|Any CPU
	EndGlobalSection
	GlobalSection(SolutionProperties) = preSolution
		HideSolutionNode = FALSE
	EndGlobalSection
	GlobalSection(ExtensibilityGlobals) = postSolution
		SolutionGuid = {339CB3EB-7A78-4062-9C1A-031A9C564329}
	EndGlobalSection
EndGlobal
